
Microsoft Visual Studio Solution File, Format Version 12.00
# Visual Studio Version 16
VisualStudioVersion = 16.0.28803.202
MinimumVisualStudioVersion = 10.0.40219.1
Project("{FAE04EC0-301F-11D3-BF4B-00C04F79EFBC}") = "AppECM.Android", "AppECM\AppECM.Android\AppECM.Android.csproj", "{C7EE4076-D605-46EB-AB87-51C94EA56EB7}"
EndProject
Project("{FAE04EC0-301F-11D3-BF4B-00C04F79EFBC}") = "AppECM.iOS", "AppECM\AppECM.iOS\AppECM.iOS.csproj", "{5D8F06D3-7E03-445B-BE5F-1CB620D8E998}"
EndProject
Project("{FAE04EC0-301F-11D3-BF4B-00C04F79EFBC}") = "AppECM", "AppECM\AppECM\AppECM.csproj", "{C943F6BF-BB60-407E-B44A-4D04C46032FB}"
EndProject
Global
	GlobalSection(SolutionConfigurationPlatforms) = preSolution
		Debug|Any CPU = Debug|Any CPU
		Debug|iPhone = Debug|iPhone
		Debug|iPhoneSimulator = Debug|iPhoneSimulator
		Release|Any CPU = Release|Any CPU
		Release|iPhone = Release|iPhone
		Release|iPhoneSimulator = Release|iPhoneSimulator
	EndGlobalSection
	GlobalSection(ProjectConfigurationPlatforms) = postSolution
		{C7EE4076-D605-46EB-AB87-51C94EA56EB7}.Debug|Any CPU.ActiveCfg = Debug|Any CPU
		{C7EE4076-D605-46EB-AB87-51C94EA56EB7}.Debug|Any CPU.Build.0 = Debug|Any CPU
		{C7EE4076-D605-46EB-AB87-51C94EA56EB7}.Debug|Any CPU.Deploy.0 = Debug|Any CPU
		{C7EE4076-D605-46EB-AB87-51C94EA56EB7}.Debug|iPhone.ActiveCfg = Debug|Any CPU
		{C7EE4076-D605-46EB-AB87-51C94EA56EB7}.Debug|iPhone.Build.0 = Debug|Any CPU
		{C7EE4076-D605-46EB-AB87-51C94EA56EB7}.Debug|iPhone.Deploy.0 = Debug|Any CPU
		{C7EE4076-D605-46EB-AB87-51C94EA56EB7}.Debug|iPhoneSimulator.ActiveCfg = Debug|Any CPU
		{C7EE4076-D605-46EB-AB87-51C94EA56EB7}.Debug|iPhoneSimulator.Build.0 = Debug|Any CPU
		{C7EE4076-D605-46EB-AB87-51C94EA56EB7}.Debug|iPhoneSimulator.Deploy.0 = Debug|Any CPU
		{C7EE4076-D605-46EB-AB87-51C94EA56EB7}.Release|Any CPU.ActiveCfg = Release|Any CPU
		{C7EE4076-D605-46EB-AB87-51C94EA56EB7}.Release|Any CPU.Build.0 = Release|Any CPU
		{C7EE4076-D605-46EB-AB87-51C94EA56EB7}.Release|Any CPU.Deploy.0 = Release|Any CPU
		{C7EE4076-D605-46EB-AB87-51C94EA56EB7}.Release|iPhone.ActiveCfg = Release|Any CPU
		{C7EE4076-D605-46EB-AB87-51C94EA56EB7}.Release|iPhone.Build.0 = Release|Any CPU
		{C7EE4076-D605-46EB-AB87-51C94EA56EB7}.Release|iPhone.Deploy.0 = Release|Any CPU
		{C7EE4076-D605-46EB-AB87-51C94EA56EB7}.Release|iPhoneSimulator.ActiveCfg = Release|Any CPU
		{C7EE4076-D605-46EB-AB87-51C94EA56EB7}.Release|iPhoneSimulator.Build.0 = Release|Any CPU
		{C7EE4076-D605-46EB-AB87-51C94EA56EB7}.Release|iPhoneSimulator.Deploy.0 = Release|Any CPU
		{5D8F06D3-7E03-445B-BE5F-1CB620D8E998}.Debug|Any CPU.ActiveCfg = Debug|iPhoneSimulator
		{5D8F06D3-7E03-445B-BE5F-1CB620D8E998}.Debug|Any CPU.Build.0 = Debug|iPhoneSimulator
		{5D8F06D3-7E03-445B-BE5F-1CB620D8E998}.Debug|Any CPU.Deploy.0 = Debug|iPhoneSimulator
		{5D8F06D3-7E03-445B-BE5F-1CB620D8E998}.Debug|iPhone.ActiveCfg = Debug|iPhone
		{5D8F06D3-7E03-445B-BE5F-1CB620D8E998}.Debug|iPhone.Build.0 = Debug|iPhone
		{5D8F06D3-7E03-445B-BE5F-1CB620D8E998}.Debug|iPhone.Deploy.0 = Debug|iPhone
		{5D8F06D3-7E03-445B-BE5F-1CB620D8E998}.Debug|iPhoneSimulator.ActiveCfg = Debug|iPhoneSimulator
		{5D8F06D3-7E03-445B-BE5F-1CB620D8E998}.Debug|iPhoneSimulator.Build.0 = Debug|iPhoneSimulator
		{5D8F06D3-7E03-445B-BE5F-1CB620D8E998}.Debug|iPhoneSimulator.Deploy.0 = Debug|iPhoneSimulator
		{5D8F06D3-7E03-445B-BE5F-1CB620D8E998}.Release|Any CPU.ActiveCfg = Release|iPhone
		{5D8F06D3-7E03-445B-BE5F-1CB620D8E998}.Release|Any CPU.Build.0 = Release|iPhone
		{5D8F06D3-7E03-445B-BE5F-1CB620D8E998}.Release|Any CPU.Deploy.0 = Release|iPhone
		{5D8F06D3-7E03-445B-BE5F-1CB620D8E998}.Release|iPhone.ActiveCfg = Release|iPhone
		{5D8F06D3-7E03-445B-BE5F-1CB620D8E998}.Release|iPhone.Build.0 = Release|iPhone
		{5D8F06D3-7E03-445B-BE5F-1CB620D8E998}.Release|iPhone.Deploy.0 = Release|iPhone
		{5D8F06D3-7E03-445B-BE5F-1CB620D8E998}.Release|iPhoneSimulator.ActiveCfg = Release|iPhoneSimulator
		{5D8F06D3-7E03-445B-BE5F-1CB620D8E998}.Release|iPhoneSimulator.Build.0 = Release|iPhoneSimulator
		{5D8F06D3-7E03-445B-BE5F-1CB620D8E998}.Release|iPhoneSimulator.Deploy.0 = Release|iPhoneSimulator
		{C943F6BF-BB60-407E-B44A-4D04C46032FB}.Debug|Any CPU.ActiveCfg = Debug|Any CPU
		{C943F6BF-BB60-407E-B44A-4D04C46032FB}.Debug|Any CPU.Build.0 = Debug|Any CPU
		{C943F6BF-BB60-407E-B44A-4D04C46032FB}.Debug|Any CPU.Deploy.0 = Debug|Any CPU
		{C943F6BF-BB60-407E-B44A-4D04C46032FB}.Debug|iPhone.ActiveCfg = Debug|Any CPU
		{C943F6BF-BB60-407E-B44A-4D04C46032FB}.Debug|iPhone.Build.0 = Debug|Any CPU
		{C943F6BF-BB60-407E-B44A-4D04C46032FB}.Debug|iPhone.Deploy.0 = Debug|Any CPU
		{C943F6BF-BB60-407E-B44A-4D04C46032FB}.Debug|iPhoneSimulator.ActiveCfg = Debug|Any CPU
		{C943F6BF-BB60-407E-B44A-4D04C46032FB}.Debug|iPhoneSimulator.Build.0 = Debug|Any CPU
		{C943F6BF-BB60-407E-B44A-4D04C46032FB}.Debug|iPhoneSimulator.Deploy.0 = Debug|Any CPU
		{C943F6BF-BB60-407E-B44A-4D04C46032FB}.Release|Any CPU.ActiveCfg = Release|Any CPU
		{C943F6BF-BB60-407E-B44A-4D04C46032FB}.Release|Any CPU.Build.0 = Release|Any CPU
		{C943F6BF-BB60-407E-B44A-4D04C46032FB}.Release|Any CPU.Deploy.0 = Release|Any CPU
		{C943F6BF-BB60-407E-B44A-4D04C46032FB}.Release|iPhone.ActiveCfg = Release|Any CPU
		{C943F6BF-BB60-407E-B44A-4D04C46032FB}.Release|iPhone.Build.0 = Release|Any CPU
		{C943F6BF-BB60-407E-B44A-4D04C46032FB}.Release|iPhone.Deploy.0 = Release|Any CPU
		{C943F6BF-BB60-407E-B44A-4D04C46032FB}.Release|iPhoneSimulator.ActiveCfg = Release|Any CPU
		{C943F6BF-BB60-407E-B44A-4D04C46032FB}.Release|iPhoneSimulator.Build.0 = Release|Any CPU
		{C943F6BF-BB60-407E-B44A-4D04C46032FB}.Release|iPhoneSimulator.Deploy.0 = Release|Any CPU
	EndGlobalSection
	GlobalSection(SolutionProperties) = preSolution
		HideSolutionNode = FALSE
	EndGlobalSection
	GlobalSection(ExtensibilityGlobals) = postSolution
		SolutionGuid = {083FF5DA-303E-4427-964C-CDF995B01B08}
	EndGlobalSection
EndGlobal
